PODS:
  - AFNetworking (2.5.4):
    - AFNetworking/NSURLConnection (= 2.5.4)
    - AFNetworking/NSURLSession (= 2.5.4)
    - AFNetworking/Reachability (= 2.5.4)
    - AFNetworking/Security (= 2.5.4)
    - AFNetworking/Serialization (= 2.5.4)
    - AFNetworking/UIKit (= 2.5.4)
  - AFNetworking/NSURLConnection (2.5.4):
    - AFNetworking/Reachability
    - AFNetworking/Security
    - AFNetworking/Serialization
  - AFNetworking/NSURLSession (2.5.4):
    - AFNetworking/Reachability
    - AFNetworking/Security
    - AFNetworking/Serialization
  - AFNetworking/Reachability (2.5.4)
  - AFNetworking/Security (2.5.4)
  - AFNetworking/Serialization (2.5.4)
  - AFNetworking/UIKit (2.5.4):
    - AFNetworking/NSURLConnection
    - AFNetworking/NSURLSession
  - BATabBarController (0.1.5):
    - Masonry
  - Charts (3.1.1):
    - Charts/Core (= 3.1.1)
  - Charts/Core (3.1.1)
  - drCharts (1.4)
  - Firebase/Core (5.4.0):
    - Firebase/CoreOnly
    - FirebaseAnalytics (= 5.0.1)
  - Firebase/CoreOnly (5.4.0):
    - FirebaseCore (= 5.0.5)
  - FirebaseAnalytics (5.0.1):
    - FirebaseCore (~> 5.0)
    - FirebaseInstanceID (~> 3.0)
    - "GoogleToolboxForMac/NSData+zlib (~> 2.1)"
    - nanopb (~> 0.3)
  - FirebaseCore (5.0.5):
    - "GoogleToolboxForMac/NSData+zlib (~> 2.1)"
  - FirebaseInstanceID (3.1.1):
    - FirebaseCore (~> 5.0)
  - GoogleToolboxForMac/Defines (2.1.4)
  - "GoogleToolboxForMac/NSData+zlib (2.1.4)":
    - GoogleToolboxForMac/Defines (= 2.1.4)
  - LDProgressView (1.2.1)
  - Masonry (1.1.0)
  - MBProgressHUD (1.1.0)
  - nanopb (0.3.8):
    - nanopb/decode (= 0.3.8)
    - nanopb/encode (= 0.3.8)
  - nanopb/decode (0.3.8)
  - nanopb/encode (0.3.8)
  - RGSColorSlider (0.1.1)
  - SCLAlertView-Objective-C (1.1.5)
  - SDWebImage (4.4.1):
    - SDWebImage/Core (= 4.4.1)
  - SDWebImage/Core (4.4.1)
  - StepSlider (1.2.1)
  - "UIView+AnimationExtensions (1.0.0)"

DEPENDENCIES:
  - AFNetworking (~> 2.5.4)
  - BATabBarController
  - Charts
  - drCharts (from `https://github.com/Zomato/DR-charts.git`)
  - Firebase/Core
  - LDProgressView (>= 1.1)
  - Masonry
  - MBProgressHUD (~> 1.1.0)
  - RGSColorSlider
  - SCLAlertView-Objective-C
  - SDWebImage (~> 4.0)
  - StepSlider
  - "UIView+AnimationExtensions"

SPEC REPOS:
  https://github.com/cocoapods/specs.git:
    - AFNetworking
    - BATabBarController
    - Charts
    - Firebase
    - FirebaseAnalytics
    - FirebaseCore
    - FirebaseInstanceID
    - GoogleToolboxForMac
    - LDProgressView
    - Masonry
    - MBProgressHUD
    - nanopb
    - RGSColorSlider
    - SCLAlertView-Objective-C
    - SDWebImage
    - StepSlider
    - "UIView+AnimationExtensions"

EXTERNAL SOURCES:
  drCharts:
    :git: https://github.com/Zomato/DR-charts.git

CHECKOUT OPTIONS:
  drCharts:
    :commit: 7515365aa0ccb0c5922b35f0fae6fcad5911cc14
    :git: https://github.com/Zomato/DR-charts.git

SPEC CHECKSUMS:
  AFNetworking: 05edc0ac4c4c8cf57bcf4b84be5b0744b6d8e71e
  BATabBarController: 5613abe7e9e840e4d47deecef6f5082187b24ecf
  Charts: 90a4d61da0f6e06684c591e3bcab11940fe61736
  drCharts: fd568784a514819ea7af12aabdd67e00ac359370
  Firebase: d66f4f29c23f22d96808d9abc174d81d8eee968f
  FirebaseAnalytics: b3628aea54c50464c32c393fb2ea032566e7ecc2
  FirebaseCore: 42b3267233bd21a5abd54117ccc38ca3dd0f8e83
  FirebaseInstanceID: f3f0657372592ecdfdfe2cac604a5a75758376a6
  GoogleToolboxForMac: 91c824d21e85b31c2aae9bb011c5027c9b4e738f
  LDProgressView: f6afc7c30d2a9edf33001515f3189338567a32d2
  Masonry: 678fab65091a9290e40e2832a55e7ab731aad201
  MBProgressHUD: e7baa36a220447d8aeb12769bf0585582f3866d9
  nanopb: 5601e6bca2dbf1ed831b519092ec110f66982ca3
  RGSColorSlider: b045e5a4bd9f6fe568184e1ad35dee1f0cdf948f
  SCLAlertView-Objective-C: 69c8932c332ce61ee9e693379451e2c0b09fb307
  SDWebImage: 47e9b5b925cbce75946c23f0c42dd19464189af4
  StepSlider: e1c9b8f3363cf87224e19c000abe9f5146f80dd1
  "UIView+AnimationExtensions": f9ae95fa3064be09cf2fcaac1fb1948ee22397ec

PODFILE CHECKSUM: 69d774278b32da71aa038893048b163a2f2b115d

COCOAPODS: 1.5.3
